
Microsoft Visual Studio Solution File, Format Version 12.00
# Visual Studio 15
VisualStudioVersion = 15.0.28307.902
MinimumVisualStudioVersion = 10.0.40219.1
Project("{888888A0-9F3D-457C-B088-3A5042F75D52}") = "StockAnalysis", "StockAnalysis.pyproj", "{81C89057-107A-41AC-B939-19F15D89BC0D}"
EndProject
Global
	GlobalSection(SolutionConfigurationPlatforms) = preSolution
		Debug|Any CPU = Debug|Any CPU
		Release|Any CPU = Release|Any CPU
	EndGlobalSection
	GlobalSection(ProjectConfigurationPlatforms) = postSolution
		{81C89057-107A-41AC-B939-19F15D89BC0D}.Debug|Any CPU.ActiveCfg = Debug|Any CPU
		{81C89057-107A-41AC-B939-19F15D89BC0D}.Release|Any CPU.ActiveCfg = Release|Any CPU
	EndGlobalSection
	GlobalSection(SolutionProperties) = preSolution
		HideSolutionNode = FALSE
	EndGlobalSection
	GlobalSection(ExtensibilityGlobals) = postSolution
		SolutionGuid = {98A5C83A-F8C5-4637-B0CF-ACF727EDC2D8}
	EndGlobalSection
EndGlobal
